
Microsoft Visual Studio Solution File, Format Version 12.00
# Visual Studio Version 17
VisualStudioVersion = 17.1.32407.343
MinimumVisualStudioVersion = 10.0.40219.1
Project("{FAE04EC0-301F-11D3-BF4B-00C04F79EFBC}") = "CupLeagueGenerator", "CupLeagueGenerator\CupLeagueGenerator.csproj", "{8ABE5BF5-6A54-4CB5-BF59-DAE6691DA3C0}"
EndProject
Project("{FAE04EC0-301F-11D3-BF4B-00C04F79EFBC}") = "CupLeagueGenerator.Infrastructure", "CupLeagueGenerator.Infrastructure\CupLeagueGenerator.Infrastructure.csproj", "{3F4A28D3-D334-4E16-A72F-2744035AC2C6}"
EndProject
Project("{FAE04EC0-301F-11D3-BF4B-00C04F79EFBC}") = "CupLeagueGenerator.Core", "CupLeagueGenerator.Core\CupLeagueGenerator.Core.csproj", "{064BCBB5-76F2-4D84-A21F-398A6BE91283}"
EndProject
Global
	GlobalSection(SolutionConfigurationPlatforms) = preSolution
		Debug|Any CPU = Debug|Any CPU
		Release|Any CPU = Release|Any CPU
	EndGlobalSection
	GlobalSection(ProjectConfigurationPlatforms) = postSolution
		{8ABE5BF5-6A54-4CB5-BF59-DAE6691DA3C0}.Debug|Any CPU.ActiveCfg = Debug|Any CPU
		{8ABE5BF5-6A54-4CB5-BF59-DAE6691DA3C0}.Debug|Any CPU.Build.0 = Debug|Any CPU
		{8ABE5BF5-6A54-4CB5-BF59-DAE6691DA3C0}.Release|Any CPU.ActiveCfg = Release|Any CPU
		{8ABE5BF5-6A54-4CB5-BF59-DAE6691DA3C0}.Release|Any CPU.Build.0 = Release|Any CPU
		{3F4A28D3-D334-4E16-A72F-2744035AC2C6}.Debug|Any CPU.ActiveCfg = Debug|Any CPU
		{3F4A28D3-D334-4E16-A72F-2744035AC2C6}.Debug|Any CPU.Build.0 = Debug|Any CPU
		{3F4A28D3-D334-4E16-A72F-2744035AC2C6}.Release|Any CPU.ActiveCfg = Release|Any CPU
		{3F4A28D3-D334-4E16-A72F-2744035AC2C6}.Release|Any CPU.Build.0 = Release|Any CPU
		{064BCBB5-76F2-4D84-A21F-398A6BE91283}.Debug|Any CPU.ActiveCfg = Debug|Any CPU
		{064BCBB5-76F2-4D84-A21F-398A6BE91283}.Debug|Any CPU.Build.0 = Debug|Any CPU
		{064BCBB5-76F2-4D84-A21F-398A6BE91283}.Release|Any CPU.ActiveCfg = Release|Any CPU
		{064BCBB5-76F2-4D84-A21F-398A6BE91283}.Release|Any CPU.Build.0 = Release|Any CPU
	EndGlobalSection
	GlobalSection(SolutionProperties) = preSolution
		HideSolutionNode = FALSE
	EndGlobalSection
	GlobalSection(ExtensibilityGlobals) = postSolution
		SolutionGuid = {0AF1CCF6-9047-4508-8202-6D981ED3580C}
	EndGlobalSection
EndGlobal
